
Microsoft Visual Studio Solution File, Format Version 12.00
# Visual Studio Version 16
VisualStudioVersion = 16.0.29613.14
MinimumVisualStudioVersion = 10.0.40219.1
Project("{9A19103F-16F7-4668-BE54-9A1E7A4F7556}") = "CQRSAndMediator.Scaffolding", "CQRSAndMediator.Scaffolding.csproj", "{42521C17-FBC6-4645-A983-8FE40373D50C}"
EndProject
Global
	GlobalSection(SolutionConfigurationPlatforms) = preSolution
		Debug|Any CPU = Debug|Any CPU
		Release|Any CPU = Release|Any CPU
	EndGlobalSection
	GlobalSection(ProjectConfigurationPlatforms) = postSolution
		{42521C17-FBC6-4645-A983-8FE40373D50C}.Debug|Any CPU.ActiveCfg = Debug|Any CPU
		{42521C17-FBC6-4645-A983-8FE40373D50C}.Debug|Any CPU.Build.0 = Debug|Any CPU
		{42521C17-FBC6-4645-A983-8FE40373D50C}.Release|Any CPU.ActiveCfg = Release|Any CPU
		{42521C17-FBC6-4645-A983-8FE40373D50C}.Release|Any CPU.Build.0 = Release|Any CPU
	EndGlobalSection
	GlobalSection(SolutionProperties) = preSolution
		HideSolutionNode = FALSE
	EndGlobalSection
	GlobalSection(ExtensibilityGlobals) = postSolution
		SolutionGuid = {28DF1B03-0B18-4761-9331-032E8A6E716D}
	EndGlobalSection
EndGlobal
